// !$*UTF8*$!
{
	archiveVersion = 1;
	classes = {
	};
	objectVersion = 48;
	objects = {

/* Begin PBXBuildFile section */
		1721DA88217E6EDD00814EAE /* GWaterView.m in Sources */ = {isa = PBXBuildFile; fileRef = 1721DA87217E6EDD00814EAE /* GWaterView.m */; };
		1721DA8B217E79A300814EAE /* GCloudView.m in Sources */ = {isa = PBXBuildFile; fileRef = 1721DA8A217E79A300814EAE /* GCloudView.m */; };
		17C9BE0920EACF2A00C50EC6 /* GloomyAppDelegate.m in Sources */ = {isa = PBXBuildFile; fileRef = 17C9BE0820EACF2A00C50EC6 /* GloomyAppDelegate.m */; };
		17C9BE1120EACF2A00C50EC6 /* Assets.xcassets in Resources */ = {isa = PBXBuildFile; fileRef = 17C9BE1020EACF2A00C50EC6 /* Assets.xcassets */; };
		17C9BE1720EACF2A00C50EC6 /* main.m in Sources */ = {isa = PBXBuildFile; fileRef = 17C9BE1620EACF2A00C50EC6 /* main.m */; };
		17C9BE1F20EACF5100C50EC6 /* GRootViewController.m in Sources */ = {isa = PBXBuildFile; fileRef = 17C9BE1E20EACF5100C50EC6 /* GRootViewController.m */; };
/* End PBXBuildFile section */

/* Begin PBXFileReference section */
		1721DA86217E6EDD00814EAE /* GWaterView.h */ = {isa = PBXFileReference; lastKnownFileType = sourcecode.c.h; path = GWaterView.h; sourceTree = "<group>"; };
		1721DA87217E6EDD00814EAE /* GWaterView.m */ = {isa = PBXFileReference; lastKnownFileType = sourcecode.c.objc; path = GWaterView.m; sourceTree = "<group>"; };
		1721DA8A217E79A300814EAE /* GCloudView.m */ = {isa = PBXFileReference; fileEncoding = 4; lastKnownFileType = sourcecode.c.objc; path = GCloudView.m; sourceTree = "<group>"; };
		17C9BE0420EACF2A00C50EC6 /* Gloomy.app */ = {isa = PBXFileReference; explicitFileType = wrapper.application; includeInIndex = 0; path = Gloomy.app; sourceTree = BUILT_PRODUCTS_DIR; };
		17C9BE0720EACF2A00C50EC6 /* GloomyAppDelegate.h */ = {isa = PBXFileReference; lastKnownFileType = sourcecode.c.h; path = GloomyAppDelegate.h; sourceTree = "<group>"; };
		17C9BE0820EACF2A00C50EC6 /* GloomyAppDelegate.m */ = {isa = PBXFileReference; lastKnownFileType = sourcecode.c.objc; path = GloomyAppDelegate.m; sourceTree = "<group>"; };
		17C9BE1020EACF2A00C50EC6 /* Assets.xcassets */ = {isa = PBXFileReference; lastKnownFileType = folder.assetcatalog; path = Assets.xcassets; sourceTree = "<group>"; };
		17C9BE1520EACF2A00C50EC6 /* Info.plist */ = {isa = PBXFileReference; lastKnownFileType = text.plist.xml; path = Info.plist; sourceTree = "<group>"; };
		17C9BE1620EACF2A00C50EC6 /* main.m */ = {isa = PBXFileReference; lastKnownFileType = sourcecode.c.objc; path = main.m; sourceTree = "<group>"; };
		17C9BE1D20EACF5100C50EC6 /* GRootViewController.h */ = {isa = PBXFileReference; lastKnownFileType = sourcecode.c.h; path = GRootViewController.h; sourceTree = "<group>"; };
		17C9BE1E20EACF5100C50EC6 /* GRootViewController.m */ = {isa = PBXFileReference; lastKnownFileType = sourcecode.c.objc; path = GRootViewController.m; sourceTree = "<group>"; };
		17C9BE2020EBE7E600C50EC6 /* GCloudView.h */ = {isa = PBXFileReference; lastKnownFileType = sourcecode.c.h; path = GCloudView.h; sourceTree = "<group>"; };
/* End PBXFileReference section */

/* Begin PBXFrameworksBuildPhase section */
		17C9BE0120EACF2A00C50EC6 /* Frameworks */ = {
			isa = PBXFrameworksBuildPhase;
			buildActionMask = 2147483647;
			files = (
			);
			runOnlyForDeploymentPostprocessing = 0;
		};
/* End PBXFrameworksBuildPhase section */

/* Begin PBXGroup section */
		1721DA89217E77B100814EAE /* CloudView */ = {
			isa = PBXGroup;
			children = (
				17C9BE2020EBE7E600C50EC6 /* GCloudView.h */,
				1721DA8A217E79A300814EAE /* GCloudView.m */,
			);
			path = CloudView;
			sourceTree = "<group>";
		};
		17C9BDFB20EACF2A00C50EC6 = {
			isa = PBXGroup;
			children = (
				17C9BE0620EACF2A00C50EC6 /* Gloomy */,
				17C9BE0520EACF2A00C50EC6 /* Products */,
			);
			sourceTree = "<group>";
		};
		17C9BE0520EACF2A00C50EC6 /* Products */ = {
			isa = PBXGroup;
			children = (
				17C9BE0420EACF2A00C50EC6 /* Gloomy.app */,
			);
			name = Products;
			sourceTree = "<group>";
		};
		17C9BE0620EACF2A00C50EC6 /* Gloomy */ = {
			isa = PBXGroup;
			children = (
				17C9BE1620EACF2A00C50EC6 /* main.m */,
				17C9BE0720EACF2A00C50EC6 /* GloomyAppDelegate.h */,
				17C9BE0820EACF2A00C50EC6 /* GloomyAppDelegate.m */,
				17C9BE2320EBE93200C50EC6 /* RootViewController */,
				1721DA89217E77B100814EAE /* CloudView */,
				17C9BE2420EBE94100C50EC6 /* WaterView */,
				17C9BE1020EACF2A00C50EC6 /* Assets.xcassets */,
				17C9BE1520EACF2A00C50EC6 /* Info.plist */,
			);
			path = Gloomy;
			sourceTree = "<group>";
		};
		17C9BE2320EBE93200C50EC6 /* RootViewController */ = {
			isa = PBXGroup;
			children = (
				17C9BE1D20EACF5100C50EC6 /* GRootViewController.h */,
				17C9BE1E20EACF5100C50EC6 /* GRootViewController.m */,
			);
			path = RootViewController;
			sourceTree = "<group>";
		};
		17C9BE2420EBE94100C50EC6 /* WaterView */ = {
			isa = PBXGroup;
			children = (
				1721DA86217E6EDD00814EAE /* GWaterView.h */,
				1721DA87217E6EDD00814EAE /* GWaterView.m */,
			);
			path = WaterView;
			sourceTree = "<group>";
		};
/* End PBXGroup section */

/* Begin PBXNativeTarget section */
		17C9BE0320EACF2A00C50EC6 /* Gloomy */ = {
			isa = PBXNativeTarget;
			buildConfigurationList = 17C9BE1A20EACF2A00C50EC6 /* Build configuration list for PBXNativeTarget "Gloomy" */;
			buildPhases = (
				17C9BE0020EACF2A00C50EC6 /* Sources */,
				17C9BE0120EACF2A00C50EC6 /* Frameworks */,
				17C9BE0220EACF2A00C50EC6 /* Resources */,
			);
			buildRules = (
			);
			dependencies = (
			);
			name = Gloomy;
			productName = JustPlaying;
			productReference = 17C9BE0420EACF2A00C50EC6 /* Gloomy.app */;
			productType = "com.apple.product-type.application";
		};
/* End PBXNativeTarget section */

/* Begin PBXProject section */
		17C9BDFC20EACF2A00C50EC6 /* Project object */ = {
			isa = PBXProject;
			attributes = {
				CLASSPREFIX = G;
				LastUpgradeCheck = 0920;
				ORGANIZATIONNAME = "James Emrich";
				TargetAttributes = {
					17C9BE0320EACF2A00C50EC6 = {
						CreatedOnToolsVersion = 9.2;
						ProvisioningStyle = Automatic;
					};
				};
			};
			buildConfigurationList = 17C9BDFF20EACF2A00C50EC6 /* Build configuration list for PBXProject "Gloomy" */;
			compatibilityVersion = "Xcode 8.0";
			developmentRegion = en;
			hasScannedForEncodings = 0;
			knownRegions = (
				en,
				Base,
			);
			mainGroup = 17C9BDFB20EACF2A00C50EC6;
			productRefGroup = 17C9BE0520EACF2A00C50EC6 /* Products */;
			projectDirPath = "";
			projectRoot = "";
			targets = (
				17C9BE0320EACF2A00C50EC6 /* Gloomy */,
			);
		};
/* End PBXProject section */

/* Begin PBXResourcesBuildPhase section */
		17C9BE0220EACF2A00C50EC6 /* Resources */ = {
			isa = PBXResourcesBuildPhase;
			buildActionMask = 2147483647;
			files = (
				17C9BE1120EACF2A00C50EC6 /* Assets.xcassets in Resources */,
			);
			runOnlyForDeploymentPostprocessing = 0;
		};
/* End PBXResourcesBuildPhase section */

/* Begin PBXSourcesBuildPhase section */
		17C9BE0020EACF2A00C50EC6 /* Sources */ = {
			isa = PBXSourcesBuildPhase;
			buildActionMask = 2147483647;
			files = (
				1721DA88217E6EDD00814EAE /* GWaterView.m in Sources */,
				17C9BE1720EACF2A00C50EC6 /* main.m in Sources */,
				17C9BE0920EACF2A00C50EC6 /* GloomyAppDelegate.m in Sources */,
				1721DA8B217E79A300814EAE /* GCloudView.m in Sources */,
				17C9BE1F20EACF5100C50EC6 /* GRootViewController.m in Sources */,
			);
			runOnlyForDeploymentPostprocessing = 0;
		};
/* End PBXSourcesBuildPhase section */

/* Begin XCBuildConfiguration section */
		17C9BE1820EACF2A00C50EC6 /* Debug */ = {
			isa = XCBuildConfiguration;
			buildSettings = {
				ALWAYS_SEARCH_USER_PATHS = NO;
				CLANG_ANALYZER_NONNULL = YES;
				CLANG_ANALYZER_NUMBER_OBJECT_CONVERSION = YES_AGGRESSIVE;
				CLANG_CXX_LANGUAGE_STANDARD = "gnu++14";
				CLANG_CXX_LIBRARY = "libc++";
				CLANG_ENABLE_MODULES = YES;
				CLANG_ENABLE_OBJC_ARC = YES;
				CLANG_WARN_BLOCK_CAPTURE_AUTORELEASING = YES;
				CLANG_WARN_BOOL_CONVERSION = YES;
				CLANG_WARN_COMMA = YES;
				CLANG_WARN_CONSTANT_CONVERSION = YES;
				CLANG_WARN_DIRECT_OBJC_ISA_USAGE = YES_ERROR;
				CLANG_WARN_DOCUMENTATION_COMMENTS = YES;
				CLANG_WARN_EMPTY_BODY = YES;
				CLANG_WARN_ENUM_CONVERSION = YES;
				CLANG_WARN_INFINITE_RECURSION = YES;
				CLANG_WARN_INT_CONVERSION = YES;
				CLANG_WARN_NON_LITERAL_NULL_CONVERSION = YES;
				CLANG_WARN_OBJC_LITERAL_CONVERSION = YES;
				CLANG_WARN_OBJC_ROOT_CLASS = YES_ERROR;
				CLANG_WARN_RANGE_LOOP_ANALYSIS = YES;
				CLANG_WARN_STRICT_PROTOTYPES = YES;
				CLANG_WARN_SUSPICIOUS_MOVE = YES;
				CLANG_WARN_UNGUARDED_AVAILABILITY = YES_AGGRESSIVE;
				CLANG_WARN_UNREACHABLE_CODE = YES;
				CLANG_WARN__DUPLICATE_METHOD_MATCH = YES;
				CODE_SIGN_IDENTITY = "iPhone Developer";
				COPY_PHASE_STRIP = NO;
				DEBUG_INFORMATION_FORMAT = dwarf;
				ENABLE_STRICT_OBJC_MSGSEND = YES;
				ENABLE_TESTABILITY = YES;
				GCC_C_LANGUAGE_STANDARD = gnu11;
				GCC_DYNAMIC_NO_PIC = NO;
				GCC_NO_COMMON_BLOCKS = YES;
				GCC_OPTIMIZATION_LEVEL = 0;
				GCC_PREPROCESSOR_DEFINITIONS = (
					"DEBUG=1",
					"$(inherited)",
				);
				GCC_WARN_64_TO_32_BIT_CONVERSION = YES;
				GCC_WARN_ABOUT_RETURN_TYPE = YES_ERROR;
				GCC_WARN_UNDECLARED_SELECTOR = YES;
				GCC_WARN_UNINITIALIZED_AUTOS = YES_AGGRESSIVE;
				GCC_WARN_UNUSED_FUNCTION = YES;
				GCC_WARN_UNUSED_VARIABLE = YES;
				IPHONEOS_DEPLOYMENT_TARGET = 11.2;
				MTL_ENABLE_DEBUG_INFO = YES;
				ONLY_ACTIVE_ARCH = YES;
				SDKROOT = iphoneos;
			};
			name = Debug;
		};
		17C9BE1920EACF2A00C50EC6 /* Release */ = {
			isa = XCBuildConfiguration;
			buildSettings = {
				ALWAYS_SEARCH_USER_PATHS = NO;
				CLANG_ANALYZER_NONNULL = YES;
				CLANG_ANALYZER_NUMBER_OBJECT_CONVERSION = YES_AGGRESSIVE;
				CLANG_CXX_LANGUAGE_STANDARD = "gnu++14";
				CLANG_CXX_LIBRARY = "libc++";
				CLANG_ENABLE_MODULES = YES;
				CLANG_ENABLE_OBJC_ARC = YES;
				CLANG_WARN_BLOCK_CAPTURE_AUTORELEASING = YES;
				CLANG_WARN_BOOL_CONVERSION = YES;
				CLANG_WARN_COMMA = YES;
				CLANG_WARN_CONSTANT_CONVERSION = YES;
				CLANG_WARN_DIRECT_OBJC_ISA_USAGE = YES_ERROR;
				CLANG_WARN_DOCUMENTATION_COMMENTS = YES;
				CLANG_WARN_EMPTY_BODY = YES;
				CLANG_WARN_ENUM_CONVERSION = YES;
				CLANG_WARN_INFINITE_RECURSION = YES;
				CLANG_WARN_INT_CONVERSION = YES;
				CLANG_WARN_NON_LITERAL_NULL_CONVERSION = YES;
				CLANG_WARN_OBJC_LITERAL_CONVERSION = YES;
				CLANG_WARN_OBJC_ROOT_CLASS = YES_ERROR;
				CLANG_WARN_RANGE_LOOP_ANALYSIS = YES;
				CLANG_WARN_STRICT_PROTOTYPES = YES;
				CLANG_WARN_SUSPICIOUS_MOVE = YES;
				CLANG_WARN_UNGUARDED_AVAILABILITY = YES_AGGRESSIVE;
				CLANG_WARN_UNREACHABLE_CODE = YES;
				CLANG_WARN__DUPLICATE_METHOD_MATCH = YES;
				CODE_SIGN_IDENTITY = "iPhone Developer";
				COPY_PHASE_STRIP = NO;
				DEBUG_INFORMATION_FORMAT = "dwarf-with-dsym";
				ENABLE_NS_ASSERTIONS = NO;
				ENABLE_STRICT_OBJC_MSGSEND = YES;
				GCC_C_LANGUAGE_STANDARD = gnu11;
				GCC_NO_COMMON_BLOCKS = YES;
				GCC_WARN_64_TO_32_BIT_CONVERSION = YES;
				GCC_WARN_ABOUT_RETURN_TYPE = YES_ERROR;
				GCC_WARN_UNDECLARED_SELECTOR = YES;
				GCC_WARN_UNINITIALIZED_AUTOS = YES_AGGRESSIVE;
				GCC_WARN_UNUSED_FUNCTION = YES;
				GCC_WARN_UNUSED_VARIABLE = YES;
				IPHONEOS_DEPLOYMENT_TARGET = 11.2;
				MTL_ENABLE_DEBUG_INFO = NO;
				SDKROOT = iphoneos;
				VALIDATE_PRODUCT = YES;
			};
			name = Release;
		};
		17C9BE1B20EACF2A00C50EC6 /* Debug */ = {
			isa = XCBuildConfiguration;
			buildSettings = {
				ASSETCATALOG_COMPILER_APPICON_NAME = AppIcon;
				CODE_SIGN_STYLE = Automatic;
				DEVELOPMENT_TEAM = H3YM9UX59B;
				GCC_TREAT_WARNINGS_AS_ERRORS = YES;
				INFOPLIST_FILE = "$(SRCROOT)/Gloomy/Info.plist";
				LD_RUNPATH_SEARCH_PATHS = "$(inherited) @executable_path/Frameworks";
				PRODUCT_BUNDLE_IDENTIFIER = com.emrichs.gloomy;
				PRODUCT_NAME = "$(TARGET_NAME)";
				TARGETED_DEVICE_FAMILY = "1,2";
			};
			name = Debug;
		};
		17C9BE1C20EACF2A00C50EC6 /* Release */ = {
			isa = XCBuildConfiguration;
			buildSettings = {
				ASSETCATALOG_COMPILER_APPICON_NAME = AppIcon;
				CODE_SIGN_STYLE = Automatic;
				DEVELOPMENT_TEAM = H3YM9UX59B;
				GCC_TREAT_WARNINGS_AS_ERRORS = YES;
				INFOPLIST_FILE = "$(SRCROOT)/Gloomy/Info.plist";
				LD_RUNPATH_SEARCH_PATHS = "$(inherited) @executable_path/Frameworks";
				PRODUCT_BUNDLE_IDENTIFIER = com.emrichs.gloomy;
				PRODUCT_NAME = "$(TARGET_NAME)";
				TARGETED_DEVICE_FAMILY = "1,2";
			};
			name = Release;
		};
/* End XCBuildConfiguration section */

/* Begin XCConfigurationList section */
		17C9BDFF20EACF2A00C50EC6 /* Build configuration list for PBXProject "Gloomy" */ = {
			isa = XCConfigurationList;
			buildConfigurations = (
				17C9BE1820EACF2A00C50EC6 /* Debug */,
				17C9BE1920EACF2A00C50EC6 /* Release */,
			);
			defaultConfigurationIsVisible = 0;
			defaultConfigurationName = Release;
		};
		17C9BE1A20EACF2A00C50EC6 /* Build configuration list for PBXNativeTarget "Gloomy" */ = {
			isa = XCConfigurationList;
			buildConfigurations = (
				17C9BE1B20EACF2A00C50EC6 /* Debug */,
				17C9BE1C20EACF2A00C50EC6 /* Release */,
			);
			defaultConfigurationIsVisible = 0;
			defaultConfigurationName = Release;
		};
/* End XCConfigurationList section */
	};
	rootObject = 17C9BDFC20EACF2A00C50EC6 /* Project object */;
}
